
Microsoft Visual Studio Solution File, Format Version 12.00
# Visual Studio Version 16
VisualStudioVersion = 16.0.33214.272
MinimumVisualStudioVersion = 10.0.40219.1
Project("{FAE04EC0-301F-11D3-BF4B-00C04F79EFBC}") = "SquareShapeProject", "SquareShapeProject\SquareShapeProject.csproj", "{74CAC6BC-7FEB-4C27-BCF8-370CA6724480}"
EndProject
Global
	GlobalSection(SolutionConfigurationPlatforms) = preSolution
		Debug|Any CPU = Debug|Any CPU
		Release|Any CPU = Release|Any CPU
	EndGlobalSection
	GlobalSection(ProjectConfigurationPlatforms) = postSolution
		{74CAC6BC-7FEB-4C27-BCF8-370CA6724480}.Debug|Any CPU.ActiveCfg = Debug|Any CPU
		{74CAC6BC-7FEB-4C27-BCF8-370CA6724480}.Debug|Any CPU.Build.0 = Debug|Any CPU
		{74CAC6BC-7FEB-4C27-BCF8-370CA6724480}.Release|Any CPU.ActiveCfg = Release|Any CPU
		{74CAC6BC-7FEB-4C27-BCF8-370CA6724480}.Release|Any CPU.Build.0 = Release|Any CPU
	EndGlobalSection
	GlobalSection(SolutionProperties) = preSolution
		HideSolutionNode = FALSE
	EndGlobalSection
	GlobalSection(ExtensibilityGlobals) = postSolution
		SolutionGuid = {4BA831EA-BED2-4AA1-A119-DEEB5851597D}
	EndGlobalSection
EndGlobal
